
Microsoft Visual Studio Solution File, Format Version 12.00
# Visual Studio Version 17
VisualStudioVersion = 17.1.32228.430
MinimumVisualStudioVersion = 10.0.40219.1
Project("{FAE04EC0-301F-11D3-BF4B-00C04F79EFBC}") = "LockMe.Android", "LockMe\LockMe.Android\LockMe.Android.csproj", "{8C089443-38CD-4474-B55F-3BE633A4D32C}"
EndProject
Project("{FAE04EC0-301F-11D3-BF4B-00C04F79EFBC}") = "LockMe.iOS", "LockMe\LockMe.iOS\LockMe.iOS.csproj", "{45299379-5B29-4820-96F1-CF0B51B55D10}"
EndProject
Project("{FAE04EC0-301F-11D3-BF4B-00C04F79EFBC}") = "LockMe", "LockMe\LockMe\LockMe.csproj", "{4ED69D40-7483-4825-88F4-2FB9E6983F23}"
EndProject
Global
	GlobalSection(SolutionConfigurationPlatforms) = preSolution
		Debug|Any CPU = Debug|Any CPU
		Debug|iPhone = Debug|iPhone
		Debug|iPhoneSimulator = Debug|iPhoneSimulator
		Release|Any CPU = Release|Any CPU
		Release|iPhone = Release|iPhone
		Release|iPhoneSimulator = Release|iPhoneSimulator
	EndGlobalSection
	GlobalSection(ProjectConfigurationPlatforms) = postSolution
		{8C089443-38CD-4474-B55F-3BE633A4D32C}.Debug|Any CPU.ActiveCfg = Debug|Any CPU
		{8C089443-38CD-4474-B55F-3BE633A4D32C}.Debug|Any CPU.Build.0 = Debug|Any CPU
		{8C089443-38CD-4474-B55F-3BE633A4D32C}.Debug|Any CPU.Deploy.0 = Debug|Any CPU
		{8C089443-38CD-4474-B55F-3BE633A4D32C}.Debug|iPhone.ActiveCfg = Debug|Any CPU
		{8C089443-38CD-4474-B55F-3BE633A4D32C}.Debug|iPhone.Build.0 = Debug|Any CPU
		{8C089443-38CD-4474-B55F-3BE633A4D32C}.Debug|iPhone.Deploy.0 = Debug|Any CPU
		{8C089443-38CD-4474-B55F-3BE633A4D32C}.Debug|iPhoneSimulator.ActiveCfg = Debug|Any CPU
		{8C089443-38CD-4474-B55F-3BE633A4D32C}.Debug|iPhoneSimulator.Build.0 = Debug|Any CPU
		{8C089443-38CD-4474-B55F-3BE633A4D32C}.Debug|iPhoneSimulator.Deploy.0 = Debug|Any CPU
		{8C089443-38CD-4474-B55F-3BE633A4D32C}.Release|Any CPU.ActiveCfg = Release|Any CPU
		{8C089443-38CD-4474-B55F-3BE633A4D32C}.Release|Any CPU.Build.0 = Release|Any CPU
		{8C089443-38CD-4474-B55F-3BE633A4D32C}.Release|Any CPU.Deploy.0 = Release|Any CPU
		{8C089443-38CD-4474-B55F-3BE633A4D32C}.Release|iPhone.ActiveCfg = Release|Any CPU
		{8C089443-38CD-4474-B55F-3BE633A4D32C}.Release|iPhone.Build.0 = Release|Any CPU
		{8C089443-38CD-4474-B55F-3BE633A4D32C}.Release|iPhone.Deploy.0 = Release|Any CPU
		{8C089443-38CD-4474-B55F-3BE633A4D32C}.Release|iPhoneSimulator.ActiveCfg = Release|Any CPU
		{8C089443-38CD-4474-B55F-3BE633A4D32C}.Release|iPhoneSimulator.Build.0 = Release|Any CPU
		{8C089443-38CD-4474-B55F-3BE633A4D32C}.Release|iPhoneSimulator.Deploy.0 = Release|Any CPU
		{45299379-5B29-4820-96F1-CF0B51B55D10}.Debug|Any CPU.ActiveCfg = Debug|iPhone
		{45299379-5B29-4820-96F1-CF0B51B55D10}.Debug|Any CPU.Build.0 = Debug|iPhone
		{45299379-5B29-4820-96F1-CF0B51B55D10}.Debug|Any CPU.Deploy.0 = Debug|iPhone
		{45299379-5B29-4820-96F1-CF0B51B55D10}.Debug|iPhone.ActiveCfg = Debug|iPhone
		{45299379-5B29-4820-96F1-CF0B51B55D10}.Debug|iPhone.Build.0 = Debug|iPhone
		{45299379-5B29-4820-96F1-CF0B51B55D10}.Debug|iPhone.Deploy.0 = Debug|iPhone
		{45299379-5B29-4820-96F1-CF0B51B55D10}.Debug|iPhoneSimulator.ActiveCfg = Debug|iPhoneSimulator
		{45299379-5B29-4820-96F1-CF0B51B55D10}.Debug|iPhoneSimulator.Build.0 = Debug|iPhoneSimulator
		{45299379-5B29-4820-96F1-CF0B51B55D10}.Debug|iPhoneSimulator.Deploy.0 = Debug|iPhoneSimulator
		{45299379-5B29-4820-96F1-CF0B51B55D10}.Release|Any CPU.ActiveCfg = Release|iPhoneSimulator
		{45299379-5B29-4820-96F1-CF0B51B55D10}.Release|Any CPU.Build.0 = Release|iPhoneSimulator
		{45299379-5B29-4820-96F1-CF0B51B55D10}.Release|Any CPU.Deploy.0 = Release|iPhoneSimulator
		{45299379-5B29-4820-96F1-CF0B51B55D10}.Release|iPhone.ActiveCfg = Release|iPhone
		{45299379-5B29-4820-96F1-CF0B51B55D10}.Release|iPhone.Build.0 = Release|iPhone
		{45299379-5B29-4820-96F1-CF0B51B55D10}.Release|iPhone.Deploy.0 = Release|iPhone
		{45299379-5B29-4820-96F1-CF0B51B55D10}.Release|iPhoneSimulator.ActiveCfg = Release|iPhoneSimulator
		{45299379-5B29-4820-96F1-CF0B51B55D10}.Release|iPhoneSimulator.Build.0 = Release|iPhoneSimulator
		{45299379-5B29-4820-96F1-CF0B51B55D10}.Release|iPhoneSimulator.Deploy.0 = Release|iPhoneSimulator
		{4ED69D40-7483-4825-88F4-2FB9E6983F23}.Debug|Any CPU.ActiveCfg = Debug|Any CPU
		{4ED69D40-7483-4825-88F4-2FB9E6983F23}.Debug|Any CPU.Build.0 = Debug|Any CPU
		{4ED69D40-7483-4825-88F4-2FB9E6983F23}.Debug|Any CPU.Deploy.0 = Debug|Any CPU
		{4ED69D40-7483-4825-88F4-2FB9E6983F23}.Debug|iPhone.ActiveCfg = Debug|Any CPU
		{4ED69D40-7483-4825-88F4-2FB9E6983F23}.Debug|iPhone.Build.0 = Debug|Any CPU
		{4ED69D40-7483-4825-88F4-2FB9E6983F23}.Debug|iPhone.Deploy.0 = Debug|Any CPU
		{4ED69D40-7483-4825-88F4-2FB9E6983F23}.Debug|iPhoneSimulator.ActiveCfg = Debug|Any CPU
		{4ED69D40-7483-4825-88F4-2FB9E6983F23}.Debug|iPhoneSimulator.Build.0 = Debug|Any CPU
		{4ED69D40-7483-4825-88F4-2FB9E6983F23}.Debug|iPhoneSimulator.Deploy.0 = Debug|Any CPU
		{4ED69D40-7483-4825-88F4-2FB9E6983F23}.Release|Any CPU.ActiveCfg = Release|Any CPU
		{4ED69D40-7483-4825-88F4-2FB9E6983F23}.Release|Any CPU.Build.0 = Release|Any CPU
		{4ED69D40-7483-4825-88F4-2FB9E6983F23}.Release|Any CPU.Deploy.0 = Release|Any CPU
		{4ED69D40-7483-4825-88F4-2FB9E6983F23}.Release|iPhone.ActiveCfg = Release|Any CPU
		{4ED69D40-7483-4825-88F4-2FB9E6983F23}.Release|iPhone.Build.0 = Release|Any CPU
		{4ED69D40-7483-4825-88F4-2FB9E6983F23}.Release|iPhone.Deploy.0 = Release|Any CPU
		{4ED69D40-7483-4825-88F4-2FB9E6983F23}.Release|iPhoneSimulator.ActiveCfg = Release|Any CPU
		{4ED69D40-7483-4825-88F4-2FB9E6983F23}.Release|iPhoneSimulator.Build.0 = Release|Any CPU
		{4ED69D40-7483-4825-88F4-2FB9E6983F23}.Release|iPhoneSimulator.Deploy.0 = Release|Any CPU
	EndGlobalSection
	GlobalSection(SolutionProperties) = preSolution
		HideSolutionNode = FALSE
	EndGlobalSection
	GlobalSection(ExtensibilityGlobals) = postSolution
		SolutionGuid = {AFC449FB-9FEC-46E2-BE88-3196D7EA7812}
	EndGlobalSection
EndGlobal
